{
  "name": "warera-prost",
  "version": "0.6.8",
  "lockfileVersion": 3,
  "requires": true,
  "packages": {
    "": {
      "name": "warera-prost",
      "version": "0.6.8",
      "license": "MIT",
      "devDependencies": {
        "@wareraprojects/api": "^0.3.3"
      }
    },
    "node_modules/@trpc/client": {
      "version": "10.45.4",
      "resolved": "https://registry.npmjs.org/@trpc/client/-/client-10.45.4.tgz",
      "integrity": "sha512-ItpH5FMIJFt862kbAgC8hf5NJnDLo0FwEvMEX6zSLCenzWD0UH6H/fvAX1suFo1e0wcAmMhiEU1Tl6xKk/Pd1g==",
      "dev": true,
      "funding": [
        "https://trpc.io/sponsor"
      ],
      "license": "MIT",
      "peerDependencies": {
        "@trpc/server": "10.45.4"
      }
    },
    "node_modules/@trpc/server": {
      "version": "10.45.4",
      "resolved": "https://registry.npmjs.org/@trpc/server/-/server-10.45.4.tgz",
      "integrity": "sha512-5MuyK5sDuFVGHOT9EMVHgRjP5I5j3RqGymcb5D47UOp8tzn6LH0g1lEgYrAsOZ12vmk1gpxMw/v/y4xHHK/Qdg==",
      "dev": true,
      "funding": [
        "https://trpc.io/sponsor"
      ],
      "license": "MIT",
      "peer": true
    },
    "node_modules/@wareraprojects/api": {
      "version": "0.3.3",
      "resolved": "https://registry.npmjs.org/@wareraprojects/api/-/api-0.3.3.tgz",
      "integrity": "sha512-NL1jiyt1l5DqJLAMCQxlfDV0YZQNYyLjOLwQPuSKiWQBuO2xUptjsGmF3UYdhp4JBCGn6bXXs9Oxf1Xt73OVqg==",
      "dev": true,
      "license": "MIT",
      "dependencies": {
        "@trpc/client": "^10.45.2"
      }
    }
  }
}
